
Microsoft Visual Studio Solution File, Format Version 12.00
# Visual Studio Version 16
VisualStudioVersion = 16.0.32228.343
MinimumVisualStudioVersion = 10.0.40219.1
Project("{9A19103F-16F7-4668-BE54-9A1E7A4F7556}") = "Entidades", "Entidades\Entidades.csproj", "{0199B9C1-35A6-45FE-A84A-2BF8E1970C8C}"
EndProject
Project("{9A19103F-16F7-4668-BE54-9A1E7A4F7556}") = "MiCalculadora", "MiCalculadora\MiCalculadora.csproj", "{08AB67C6-B554-47D4-B791-EF01957CCFE3}"
EndProject
Global
	GlobalSection(SolutionConfigurationPlatforms) = preSolution
		Debug|Any CPU = Debug|Any CPU
		Release|Any CPU = Release|Any CPU
	EndGlobalSection
	GlobalSection(ProjectConfigurationPlatforms) = postSolution
		{0199B9C1-35A6-45FE-A84A-2BF8E1970C8C}.Debug|Any CPU.ActiveCfg = Debug|Any CPU
		{0199B9C1-35A6-45FE-A84A-2BF8E1970C8C}.Debug|Any CPU.Build.0 = Debug|Any CPU
		{0199B9C1-35A6-45FE-A84A-2BF8E1970C8C}.Release|Any CPU.ActiveCfg = Release|Any CPU
		{0199B9C1-35A6-45FE-A84A-2BF8E1970C8C}.Release|Any CPU.Build.0 = Release|Any CPU
		{08AB67C6-B554-47D4-B791-EF01957CCFE3}.Debug|Any CPU.ActiveCfg = Debug|Any CPU
		{08AB67C6-B554-47D4-B791-EF01957CCFE3}.Debug|Any CPU.Build.0 = Debug|Any CPU
		{08AB67C6-B554-47D4-B791-EF01957CCFE3}.Release|Any CPU.ActiveCfg = Release|Any CPU
		{08AB67C6-B554-47D4-B791-EF01957CCFE3}.Release|Any CPU.Build.0 = Release|Any CPU
	EndGlobalSection
	GlobalSection(SolutionProperties) = preSolution
		HideSolutionNode = FALSE
	EndGlobalSection
	GlobalSection(ExtensibilityGlobals) = postSolution
		SolutionGuid = {541EB341-61DC-4577-B070-04278CCB38D2}
	EndGlobalSection
EndGlobal
